
Microsoft Visual Studio Solution File, Format Version 12.00
# Visual Studio Version 17
VisualStudioVersion = 17.5.002.0
MinimumVisualStudioVersion = 10.0.40219.1
Project("{9A19103F-16F7-4668-BE54-9A1E7A4F7556}") = "day4", "2022\day4\day4.csproj", "{B736F741-69AE-4C60-80D6-214F1D993838}"
EndProject
Project("{9A19103F-16F7-4668-BE54-9A1E7A4F7556}") = "day3", "2022\day3\day3.csproj", "{5E3D6A52-BEBC-475F-A087-4C7C304D179D}"
EndProject
Project("{9A19103F-16F7-4668-BE54-9A1E7A4F7556}") = "day2", "2022\day2\day2.csproj", "{1A3B425A-D3CC-480A-A8B6-E1AA4CA2776E}"
EndProject
Project("{9A19103F-16F7-4668-BE54-9A1E7A4F7556}") = "day5", "2022\day5\day5.csproj", "{8E997DBD-4661-46F6-AE8B-49599BAFB5D9}"
EndProject
Project("{9A19103F-16F7-4668-BE54-9A1E7A4F7556}") = "day12", "2022\day12\day12.csproj", "{8FB2E60F-8C29-46BF-AE7C-D36F4E8A648B}"
EndProject
Project("{9A19103F-16F7-4668-BE54-9A1E7A4F7556}") = "day14", "2022\day14\day14.csproj", "{3F2D3C1D-FB1B-49AB-A47C-DB50D3DBCF52}"
EndProject
Project("{9A19103F-16F7-4668-BE54-9A1E7A4F7556}") = "day13", "2022\day13\day13.csproj", "{1B32D774-2810-4871-8DFC-CCFE49540EB6}"
EndProject
Project("{9A19103F-16F7-4668-BE54-9A1E7A4F7556}") = "day7", "2022\day7\day7.csproj", "{789A91EF-098E-48B1-BB1F-6B9329BF963C}"
EndProject
Project("{9A19103F-16F7-4668-BE54-9A1E7A4F7556}") = "day9", "2022\day9\day9.csproj", "{3E10D8F4-F83E-4538-A656-128308C22A58}"
EndProject
Project("{9A19103F-16F7-4668-BE54-9A1E7A4F7556}") = "day8", "2022\day8\day8.csproj", "{19F550FA-4885-4FBB-A7BE-CACA05F32FE1}"
EndProject
Project("{9A19103F-16F7-4668-BE54-9A1E7A4F7556}") = "day6", "2022\day6\day6.csproj", "{8DA8BEBF-3786-4A92-AEE7-C17F0D849D99}"
EndProject
Project("{9A19103F-16F7-4668-BE54-9A1E7A4F7556}") = "day1", "2022\day1\day1.csproj", "{5A57225F-B14B-4316-B620-A26EDDC827E2}"
EndProject
Project("{9A19103F-16F7-4668-BE54-9A1E7A4F7556}") = "day11", "2022\day11\day11.csproj", "{7C976633-7C28-4E11-92EE-49554C93644F}"
EndProject
Project("{9A19103F-16F7-4668-BE54-9A1E7A4F7556}") = "day10", "2022\day10\day10.csproj", "{38C6D95A-29B4-45D8-9083-0DFE11794FAF}"
EndProject
Project("{2150E333-8FDC-42A3-9474-1A3956D46DE8}") = "2023", "2023", "{41BFDFB8-78CA-40F4-8E7E-6CC21DE78D73}"
EndProject
Project("{FAE04EC0-301F-11D3-BF4B-00C04F79EFBC}") = "day1", "2023\day1\day1.csproj", "{398A9DE5-CE2A-412D-823A-B706DC518A63}"
EndProject
Project("{FAE04EC0-301F-11D3-BF4B-00C04F79EFBC}") = "day2", "2023\day2\day2.csproj", "{F1CF0674-D1D5-4364-8C9A-C6BFFF2F5A14}"
EndProject
Project("{FAE04EC0-301F-11D3-BF4B-00C04F79EFBC}") = "day3", "2023\day3\day3.csproj", "{725FBA0D-FF51-4751-B3E2-41F1BD017F6A}"
EndProject
Project("{2150E333-8FDC-42A3-9474-1A3956D46DE8}") = "2015", "2015", "{12EEAA0F-CA41-46A3-80B3-8556ECE49326}"
EndProject
Project("{FAE04EC0-301F-11D3-BF4B-00C04F79EFBC}") = "day1", "2015\day1\day1.csproj", "{835A267D-FBE2-45AF-B224-660B54B48C96}"
EndProject
Project("{FAE04EC0-301F-11D3-BF4B-00C04F79EFBC}") = "day2", "2015\day2\day2.csproj", "{1D529457-3DCA-458F-98BA-D3FA22CD17C2}"
EndProject
Project("{FAE04EC0-301F-11D3-BF4B-00C04F79EFBC}") = "day3", "2015\day3\day3.csproj", "{E1D5C9CE-AE53-4864-AD80-9FD7AEB0D240}"
EndProject
Project("{FAE04EC0-301F-11D3-BF4B-00C04F79EFBC}") = "day4", "2015\day4\day4.csproj", "{123633AE-5EF3-41E7-ACFD-8FE617EBB04C}"
EndProject
Project("{FAE04EC0-301F-11D3-BF4B-00C04F79EFBC}") = "day5", "2015\day5\day5.csproj", "{5421D957-094B-4949-889D-33429C888AFA}"
EndProject
Project("{FAE04EC0-301F-11D3-BF4B-00C04F79EFBC}") = "day6", "2015\day6\day6.csproj", "{F5EFE3BE-4250-4F91-9809-C1DD465707B4}"
EndProject
Project("{FAE04EC0-301F-11D3-BF4B-00C04F79EFBC}") = "day7", "2015\day7\day7.csproj", "{FFE4B867-A196-4A0E-AAFA-9D6736F8C57C}"
EndProject
Project("{FAE04EC0-301F-11D3-BF4B-00C04F79EFBC}") = "day8", "2015\day8\day8.csproj", "{4CBA6D10-56B7-45BB-847C-F98FFA130B62}"
EndProject
Project("{FAE04EC0-301F-11D3-BF4B-00C04F79EFBC}") = "day9", "2015\day9\day9.csproj", "{CC6D152C-FC67-4953-848E-C43CA6C906E6}"
EndProject
Project("{FAE04EC0-301F-11D3-BF4B-00C04F79EFBC}") = "day10", "2015\day10\day10.csproj", "{20357386-ED2D-453F-BB74-9FB92F3801E3}"
EndProject
Project("{FAE04EC0-301F-11D3-BF4B-00C04F79EFBC}") = "day11", "2015\day11\day11.csproj", "{0FE6C645-EDDA-40AD-98A7-400175D0C2B0}"
EndProject
Project("{FAE04EC0-301F-11D3-BF4B-00C04F79EFBC}") = "day12", "2015\day12\day12.csproj", "{E8AD5237-CBC0-4FAE-AFF5-85C59BD41E25}"
EndProject
Project("{FAE04EC0-301F-11D3-BF4B-00C04F79EFBC}") = "day13", "2015\day13\day13.csproj", "{FF1C0D65-03F7-4BB6-916F-B97BFA704942}"
EndProject
Project("{FAE04EC0-301F-11D3-BF4B-00C04F79EFBC}") = "day14", "2015\day14\day14.csproj", "{3043108D-CAD5-4535-8D15-04A841EF2D10}"
EndProject
Project("{FAE04EC0-301F-11D3-BF4B-00C04F79EFBC}") = "day15", "2015\day15\day15.csproj", "{F159989A-8B4B-4C33-91C8-D2FBE0D25BF4}"
EndProject
Project("{FAE04EC0-301F-11D3-BF4B-00C04F79EFBC}") = "day16", "2015\day16\day16.csproj", "{25687F97-1F1D-484A-92B5-33D5A8256443}"
EndProject
Project("{FAE04EC0-301F-11D3-BF4B-00C04F79EFBC}") = "day17", "2015\day17\day17.csproj", "{3F5DF783-0ACE-4699-94A9-63D5DDE760C1}"
EndProject
Project("{FAE04EC0-301F-11D3-BF4B-00C04F79EFBC}") = "day18", "2015\day18\day18.csproj", "{E1603232-6A37-43CB-88AA-73604954E39E}"
EndProject
Project("{FAE04EC0-301F-11D3-BF4B-00C04F79EFBC}") = "day19", "2015\day19\day19.csproj", "{74331E4B-B789-4A67-97CE-45521246AF34}"
EndProject
Project("{FAE04EC0-301F-11D3-BF4B-00C04F79EFBC}") = "day20", "2015\day20\day20.csproj", "{2DD18AFB-627D-4649-A2CB-ADC48E16222D}"
EndProject
Project("{FAE04EC0-301F-11D3-BF4B-00C04F79EFBC}") = "day21", "2015\day21\day21.csproj", "{E3702AE7-C040-4A64-9393-380FB225AADC}"
EndProject
Project("{FAE04EC0-301F-11D3-BF4B-00C04F79EFBC}") = "day22", "2015\day22\day22.csproj", "{87EC9AD3-5CA0-4838-BFA5-45A58BC7809F}"
EndProject
Project("{FAE04EC0-301F-11D3-BF4B-00C04F79EFBC}") = "day23", "2015\day23\day23.csproj", "{2E9FF812-3946-4629-BDCF-6D1F6ED15849}"
EndProject
Project("{FAE04EC0-301F-11D3-BF4B-00C04F79EFBC}") = "day24", "2015\day24\day24.csproj", "{9588A92B-8C55-4E4C-B0C0-F454E000D15D}"
EndProject
Project("{FAE04EC0-301F-11D3-BF4B-00C04F79EFBC}") = "day25", "2015\day25\day25.csproj", "{244C76BA-9BD2-4C50-BD11-2A85E79EBC01}"
EndProject
Project("{FAE04EC0-301F-11D3-BF4B-00C04F79EFBC}") = "day4", "2023\day4\day4.csproj", "{DE63068D-87BF-416C-9664-A4F3E9AFC870}"
EndProject
Project("{FAE04EC0-301F-11D3-BF4B-00C04F79EFBC}") = "day5", "2023\day5\day5.csproj", "{9EFCA08F-835B-4F28-997F-3178FA560259}"
EndProject
Project("{FAE04EC0-301F-11D3-BF4B-00C04F79EFBC}") = "day6", "2023\day6\day6.csproj", "{90D9300D-E954-49A1-B939-73D7CD621DC7}"
EndProject
Project("{FAE04EC0-301F-11D3-BF4B-00C04F79EFBC}") = "day7", "2023\day7\day7.csproj", "{783BEEBE-1CDD-4714-A01E-C33AF3D7F63B}"
EndProject
Project("{FAE04EC0-301F-11D3-BF4B-00C04F79EFBC}") = "day8", "2023\day8\day8.csproj", "{587EC4BD-0B71-4E06-8D0D-FF64A99002F3}"
EndProject
Project("{FAE04EC0-301F-11D3-BF4B-00C04F79EFBC}") = "day9", "2023\day9\day9.csproj", "{2D6A1E87-378C-489D-BB24-8CD7F74BC379}"
EndProject
Project("{FAE04EC0-301F-11D3-BF4B-00C04F79EFBC}") = "day10", "2023\day10\day10.csproj", "{A9A69104-D5B2-46F6-B631-CDCE17E75208}"
EndProject
Project("{FAE04EC0-301F-11D3-BF4B-00C04F79EFBC}") = "day11", "2023\day11\day11.csproj", "{91CFA445-997B-439E-8E04-B0FE2BF68C8B}"
EndProject
Project("{FAE04EC0-301F-11D3-BF4B-00C04F79EFBC}") = "day12", "2023\day12\day12.csproj", "{BCD3C859-D706-487C-8E37-9753B4C05199}"
EndProject
Project("{FAE04EC0-301F-11D3-BF4B-00C04F79EFBC}") = "day13", "2023\day13\day13.csproj", "{A21EC076-9A06-4856-83F3-946E02E626A5}"
EndProject
Project("{FAE04EC0-301F-11D3-BF4B-00C04F79EFBC}") = "day14", "2023\day14\day14.csproj", "{0683DA8B-3466-47CC-81B5-BC209F8397AF}"
EndProject
Project("{FAE04EC0-301F-11D3-BF4B-00C04F79EFBC}") = "day15", "2023\day15\day15.csproj", "{69AA7B48-2C59-4324-B17E-DB7F6BDF47D5}"
EndProject
Project("{FAE04EC0-301F-11D3-BF4B-00C04F79EFBC}") = "day16", "2023\day16\day16.csproj", "{DF7DBA0E-792A-4774-9429-40DEE2DABDA1}"
EndProject
Project("{FAE04EC0-301F-11D3-BF4B-00C04F79EFBC}") = "day17", "2023\day17\day17.csproj", "{E9C76FB9-66FF-40E9-B0A3-6FDD72B99944}"
EndProject
Project("{FAE04EC0-301F-11D3-BF4B-00C04F79EFBC}") = "day18", "2023\day18\day18.csproj", "{8AA3BE99-99B3-4330-8736-F7EF5D57F08B}"
EndProject
Project("{FAE04EC0-301F-11D3-BF4B-00C04F79EFBC}") = "day19", "2023\day19\day19.csproj", "{A0FF6333-ACF5-4E72-BB9D-036C50158991}"
EndProject
Project("{FAE04EC0-301F-11D3-BF4B-00C04F79EFBC}") = "day20", "2023\day20\day20.csproj", "{B3CDF409-F8C2-401F-9879-4CEE51D8CD0D}"
EndProject
Project("{FAE04EC0-301F-11D3-BF4B-00C04F79EFBC}") = "day21", "2023\day21\day21.csproj", "{458CB555-3306-4BB8-9ACD-281A63D87B01}"
EndProject
Project("{FAE04EC0-301F-11D3-BF4B-00C04F79EFBC}") = "day22", "2023\day22\day22.csproj", "{93C1C821-1E0D-4973-A0CF-35B1276322CE}"
EndProject
Project("{FAE04EC0-301F-11D3-BF4B-00C04F79EFBC}") = "day23", "2023\day23\day23.csproj", "{7EBB40FA-5953-4DE2-9419-91E4F9E09A3C}"
EndProject
Project("{FAE04EC0-301F-11D3-BF4B-00C04F79EFBC}") = "day24", "2023\day24\day24.csproj", "{76E9C4B9-7624-4E22-8B6B-4830C5D33D2F}"
EndProject
Project("{FAE04EC0-301F-11D3-BF4B-00C04F79EFBC}") = "day25", "2023\day25\day25.csproj", "{65EC59AD-BE7F-4469-BF45-D33679D891C7}"
EndProject
Project("{2150E333-8FDC-42A3-9474-1A3956D46DE8}") = "2024", "2024", "{F574D434-8CC0-44B8-801E-C404970A44A9}"
EndProject
Project("{FAE04EC0-301F-11D3-BF4B-00C04F79EFBC}") = "day1", "2024\day1\day1.csproj", "{F05E9981-93F3-4F15-9900-53B065B0A9E7}"
EndProject
Project("{FAE04EC0-301F-11D3-BF4B-00C04F79EFBC}") = "day2", "2024\day2\day2.csproj", "{FC0B55A0-F52A-4FEA-AFBE-91E446CEEB52}"
EndProject
Project("{FAE04EC0-301F-11D3-BF4B-00C04F79EFBC}") = "day3", "2024\day3\day3.csproj", "{4C9DE932-EC8C-4776-94D7-1645419BBBF0}"
EndProject
Project("{FAE04EC0-301F-11D3-BF4B-00C04F79EFBC}") = "day4", "2024\day4\day4.csproj", "{F71C813A-8106-440F-BAC2-BC11C9AFD94B}"
EndProject
Project("{FAE04EC0-301F-11D3-BF4B-00C04F79EFBC}") = "day5", "2024\day5\day5.csproj", "{ADA52053-99DB-4F5B-B7AC-DFF81C3EA612}"
EndProject
Project("{FAE04EC0-301F-11D3-BF4B-00C04F79EFBC}") = "day6", "2024\day6\day6.csproj", "{EF2DADC4-AF92-459D-AAC6-9438719C32CA}"
EndProject
Project("{FAE04EC0-301F-11D3-BF4B-00C04F79EFBC}") = "day7", "2024\day7\day7.csproj", "{015B8DE4-443E-42DA-A57E-7A3E331A7B99}"
EndProject
Project("{FAE04EC0-301F-11D3-BF4B-00C04F79EFBC}") = "day8", "2024\day8\day8.csproj", "{62F33F4D-1A4B-4246-9C23-BB9736BB932D}"
EndProject
Project("{FAE04EC0-301F-11D3-BF4B-00C04F79EFBC}") = "day9", "2024\day9\day9.csproj", "{FA6081E3-BD6C-4032-9FED-2CB3ECEF463F}"
EndProject
Project("{FAE04EC0-301F-11D3-BF4B-00C04F79EFBC}") = "day10", "2024\day10\day10.csproj", "{EBFA0932-F1C1-4BD7-940C-82B3BD2D3990}"
EndProject
Project("{FAE04EC0-301F-11D3-BF4B-00C04F79EFBC}") = "day11", "2024\day11\day11.csproj", "{84850D84-7122-4CA7-A0FD-06FFA1ED4B28}"
EndProject
Project("{FAE04EC0-301F-11D3-BF4B-00C04F79EFBC}") = "day12", "2024\day12\day12.csproj", "{24B8DA1F-761F-4A80-A3A1-919AD249ABDC}"
EndProject
Project("{FAE04EC0-301F-11D3-BF4B-00C04F79EFBC}") = "day13", "2024\day13\day13.csproj", "{10EDC7DE-81E6-4196-8906-D0273B557465}"
EndProject
Project("{FAE04EC0-301F-11D3-BF4B-00C04F79EFBC}") = "day14", "2024\day14\day14.csproj", "{8721C833-3882-47DB-8951-CFAE84C5EA7A}"
EndProject
Project("{FAE04EC0-301F-11D3-BF4B-00C04F79EFBC}") = "day15", "2024\day15\day15.csproj", "{5DE6430D-C6E3-4659-9DDA-2EC329CCA0F7}"
EndProject
Project("{FAE04EC0-301F-11D3-BF4B-00C04F79EFBC}") = "day16", "2024\day16\day16.csproj", "{D91FD30F-4631-4170-9EEB-BF51D9FFCB55}"
EndProject
Project("{FAE04EC0-301F-11D3-BF4B-00C04F79EFBC}") = "day17", "2024\day17\day17.csproj", "{2E473303-02CF-493C-B7F7-6C7A06FBF36B}"
EndProject
Project("{FAE04EC0-301F-11D3-BF4B-00C04F79EFBC}") = "day18", "2024\day18\day18.csproj", "{1C43608B-3B1A-4FB9-883C-A4154AB32BC9}"
EndProject
Project("{FAE04EC0-301F-11D3-BF4B-00C04F79EFBC}") = "day19", "2024\day19\day19.csproj", "{71566EF9-06E0-4184-BC60-0983AD2B3EFC}"
EndProject
Project("{FAE04EC0-301F-11D3-BF4B-00C04F79EFBC}") = "day20", "2024\day20\day20.csproj", "{1D1B12A8-4F66-4D28-A6D0-BD94374E8419}"
EndProject
Project("{FAE04EC0-301F-11D3-BF4B-00C04F79EFBC}") = "day21", "2024\day21\day21.csproj", "{3CEC019B-5714-4BB6-AC6E-9B0B7D5B6262}"
EndProject
Project("{FAE04EC0-301F-11D3-BF4B-00C04F79EFBC}") = "day22", "2024\day22\day22.csproj", "{B3D605E4-20E5-4B51-92A4-DC097AAEC5F6}"
EndProject
Project("{FAE04EC0-301F-11D3-BF4B-00C04F79EFBC}") = "day23", "2024\day23\day23.csproj", "{82D6DE55-BF10-4D3E-8359-6E86BD1256BF}"
EndProject
Project("{FAE04EC0-301F-11D3-BF4B-00C04F79EFBC}") = "day24", "2024\day24\day24.csproj", "{FA23026F-460C-4886-A4E4-9FD65F5F9E26}"
EndProject
Project("{FAE04EC0-301F-11D3-BF4B-00C04F79EFBC}") = "day25", "2024\day25\day25.csproj", "{E2A5593A-7985-41B3-B67C-08A266C231A2}"
EndProject
Global
	GlobalSection(SolutionConfigurationPlatforms) = preSolution
		Debug|Any CPU = Debug|Any CPU
		Release|Any CPU = Release|Any CPU
	EndGlobalSection
	GlobalSection(ProjectConfigurationPlatforms) = postSolution
		{B736F741-69AE-4C60-80D6-214F1D993838}.Debug|Any CPU.ActiveCfg = Debug|Any CPU
		{B736F741-69AE-4C60-80D6-214F1D993838}.Debug|Any CPU.Build.0 = Debug|Any CPU
		{B736F741-69AE-4C60-80D6-214F1D993838}.Release|Any CPU.ActiveCfg = Release|Any CPU
		{B736F741-69AE-4C60-80D6-214F1D993838}.Release|Any CPU.Build.0 = Release|Any CPU
		{5E3D6A52-BEBC-475F-A087-4C7C304D179D}.Debug|Any CPU.ActiveCfg = Debug|Any CPU
		{5E3D6A52-BEBC-475F-A087-4C7C304D179D}.Debug|Any CPU.Build.0 = Debug|Any CPU
		{5E3D6A52-BEBC-475F-A087-4C7C304D179D}.Release|Any CPU.ActiveCfg = Release|Any CPU
		{5E3D6A52-BEBC-475F-A087-4C7C304D179D}.Release|Any CPU.Build.0 = Release|Any CPU
		{1A3B425A-D3CC-480A-A8B6-E1AA4CA2776E}.Debug|Any CPU.ActiveCfg = Debug|Any CPU
		{1A3B425A-D3CC-480A-A8B6-E1AA4CA2776E}.Debug|Any CPU.Build.0 = Debug|Any CPU
		{1A3B425A-D3CC-480A-A8B6-E1AA4CA2776E}.Release|Any CPU.ActiveCfg = Release|Any CPU
		{1A3B425A-D3CC-480A-A8B6-E1AA4CA2776E}.Release|Any CPU.Build.0 = Release|Any CPU
		{8E997DBD-4661-46F6-AE8B-49599BAFB5D9}.Debug|Any CPU.ActiveCfg = Debug|Any CPU
		{8E997DBD-4661-46F6-AE8B-49599BAFB5D9}.Debug|Any CPU.Build.0 = Debug|Any CPU
		{8E997DBD-4661-46F6-AE8B-49599BAFB5D9}.Release|Any CPU.ActiveCfg = Release|Any CPU
		{8E997DBD-4661-46F6-AE8B-49599BAFB5D9}.Release|Any CPU.Build.0 = Release|Any CPU
		{8FB2E60F-8C29-46BF-AE7C-D36F4E8A648B}.Debug|Any CPU.ActiveCfg = Debug|Any CPU
		{8FB2E60F-8C29-46BF-AE7C-D36F4E8A648B}.Debug|Any CPU.Build.0 = Debug|Any CPU
		{8FB2E60F-8C29-46BF-AE7C-D36F4E8A648B}.Release|Any CPU.ActiveCfg = Release|Any CPU
		{8FB2E60F-8C29-46BF-AE7C-D36F4E8A648B}.Release|Any CPU.Build.0 = Release|Any CPU
		{3F2D3C1D-FB1B-49AB-A47C-DB50D3DBCF52}.Debug|Any CPU.ActiveCfg = Debug|Any CPU
		{3F2D3C1D-FB1B-49AB-A47C-DB50D3DBCF52}.Debug|Any CPU.Build.0 = Debug|Any CPU
		{3F2D3C1D-FB1B-49AB-A47C-DB50D3DBCF52}.Release|Any CPU.ActiveCfg = Release|Any CPU
		{3F2D3C1D-FB1B-49AB-A47C-DB50D3DBCF52}.Release|Any CPU.Build.0 = Release|Any CPU
		{1B32D774-2810-4871-8DFC-CCFE49540EB6}.Debug|Any CPU.ActiveCfg = Debug|Any CPU
		{1B32D774-2810-4871-8DFC-CCFE49540EB6}.Debug|Any CPU.Build.0 = Debug|Any CPU
		{1B32D774-2810-4871-8DFC-CCFE49540EB6}.Release|Any CPU.ActiveCfg = Release|Any CPU
		{1B32D774-2810-4871-8DFC-CCFE49540EB6}.Release|Any CPU.Build.0 = Release|Any CPU
		{789A91EF-098E-48B1-BB1F-6B9329BF963C}.Debug|Any CPU.ActiveCfg = Debug|Any CPU
		{789A91EF-098E-48B1-BB1F-6B9329BF963C}.Debug|Any CPU.Build.0 = Debug|Any CPU
		{789A91EF-098E-48B1-BB1F-6B9329BF963C}.Release|Any CPU.ActiveCfg = Release|Any CPU
		{789A91EF-098E-48B1-BB1F-6B9329BF963C}.Release|Any CPU.Build.0 = Release|Any CPU
		{3E10D8F4-F83E-4538-A656-128308C22A58}.Debug|Any CPU.ActiveCfg = Debug|Any CPU
		{3E10D8F4-F83E-4538-A656-128308C22A58}.Debug|Any CPU.Build.0 = Debug|Any CPU
		{3E10D8F4-F83E-4538-A656-128308C22A58}.Release|Any CPU.ActiveCfg = Release|Any CPU
		{3E10D8F4-F83E-4538-A656-128308C22A58}.Release|Any CPU.Build.0 = Release|Any CPU
		{19F550FA-4885-4FBB-A7BE-CACA05F32FE1}.Debug|Any CPU.ActiveCfg = Debug|Any CPU
		{19F550FA-4885-4FBB-A7BE-CACA05F32FE1}.Debug|Any CPU.Build.0 = Debug|Any CPU
		{19F550FA-4885-4FBB-A7BE-CACA05F32FE1}.Release|Any CPU.ActiveCfg = Release|Any CPU
		{19F550FA-4885-4FBB-A7BE-CACA05F32FE1}.Release|Any CPU.Build.0 = Release|Any CPU
		{8DA8BEBF-3786-4A92-AEE7-C17F0D849D99}.Debug|Any CPU.ActiveCfg = Debug|Any CPU
		{8DA8BEBF-3786-4A92-AEE7-C17F0D849D99}.Debug|Any CPU.Build.0 = Debug|Any CPU
		{8DA8BEBF-3786-4A92-AEE7-C17F0D849D99}.Release|Any CPU.ActiveCfg = Release|Any CPU
		{8DA8BEBF-3786-4A92-AEE7-C17F0D849D99}.Release|Any CPU.Build.0 = Release|Any CPU
		{5A57225F-B14B-4316-B620-A26EDDC827E2}.Debug|Any CPU.ActiveCfg = Debug|Any CPU
		{5A57225F-B14B-4316-B620-A26EDDC827E2}.Debug|Any CPU.Build.0 = Debug|Any CPU
		{5A57225F-B14B-4316-B620-A26EDDC827E2}.Release|Any CPU.ActiveCfg = Release|Any CPU
		{5A57225F-B14B-4316-B620-A26EDDC827E2}.Release|Any CPU.Build.0 = Release|Any CPU
		{7C976633-7C28-4E11-92EE-49554C93644F}.Debug|Any CPU.ActiveCfg = Debug|Any CPU
		{7C976633-7C28-4E11-92EE-49554C93644F}.Debug|Any CPU.Build.0 = Debug|Any CPU
		{7C976633-7C28-4E11-92EE-49554C93644F}.Release|Any CPU.ActiveCfg = Release|Any CPU
		{7C976633-7C28-4E11-92EE-49554C93644F}.Release|Any CPU.Build.0 = Release|Any CPU
		{38C6D95A-29B4-45D8-9083-0DFE11794FAF}.Debug|Any CPU.ActiveCfg = Debug|Any CPU
		{38C6D95A-29B4-45D8-9083-0DFE11794FAF}.Debug|Any CPU.Build.0 = Debug|Any CPU
		{38C6D95A-29B4-45D8-9083-0DFE11794FAF}.Release|Any CPU.ActiveCfg = Release|Any CPU
		{38C6D95A-29B4-45D8-9083-0DFE11794FAF}.Release|Any CPU.Build.0 = Release|Any CPU
		{398A9DE5-CE2A-412D-823A-B706DC518A63}.Debug|Any CPU.ActiveCfg = Debug|Any CPU
		{398A9DE5-CE2A-412D-823A-B706DC518A63}.Debug|Any CPU.Build.0 = Debug|Any CPU
		{398A9DE5-CE2A-412D-823A-B706DC518A63}.Release|Any CPU.ActiveCfg = Release|Any CPU
		{398A9DE5-CE2A-412D-823A-B706DC518A63}.Release|Any CPU.Build.0 = Release|Any CPU
		{F1CF0674-D1D5-4364-8C9A-C6BFFF2F5A14}.Debug|Any CPU.ActiveCfg = Debug|Any CPU
		{F1CF0674-D1D5-4364-8C9A-C6BFFF2F5A14}.Debug|Any CPU.Build.0 = Debug|Any CPU
		{F1CF0674-D1D5-4364-8C9A-C6BFFF2F5A14}.Release|Any CPU.ActiveCfg = Release|Any CPU
		{F1CF0674-D1D5-4364-8C9A-C6BFFF2F5A14}.Release|Any CPU.Build.0 = Release|Any CPU
		{725FBA0D-FF51-4751-B3E2-41F1BD017F6A}.Debug|Any CPU.ActiveCfg = Debug|Any CPU
		{725FBA0D-FF51-4751-B3E2-41F1BD017F6A}.Debug|Any CPU.Build.0 = Debug|Any CPU
		{725FBA0D-FF51-4751-B3E2-41F1BD017F6A}.Release|Any CPU.ActiveCfg = Release|Any CPU
		{725FBA0D-FF51-4751-B3E2-41F1BD017F6A}.Release|Any CPU.Build.0 = Release|Any CPU
		{835A267D-FBE2-45AF-B224-660B54B48C96}.Debug|Any CPU.ActiveCfg = Debug|Any CPU
		{835A267D-FBE2-45AF-B224-660B54B48C96}.Debug|Any CPU.Build.0 = Debug|Any CPU
		{835A267D-FBE2-45AF-B224-660B54B48C96}.Release|Any CPU.ActiveCfg = Release|Any CPU
		{835A267D-FBE2-45AF-B224-660B54B48C96}.Release|Any CPU.Build.0 = Release|Any CPU
		{1D529457-3DCA-458F-98BA-D3FA22CD17C2}.Debug|Any CPU.ActiveCfg = Debug|Any CPU
		{1D529457-3DCA-458F-98BA-D3FA22CD17C2}.Debug|Any CPU.Build.0 = Debug|Any CPU
		{1D529457-3DCA-458F-98BA-D3FA22CD17C2}.Release|Any CPU.ActiveCfg = Release|Any CPU
		{1D529457-3DCA-458F-98BA-D3FA22CD17C2}.Release|Any CPU.Build.0 = Release|Any CPU
		{E1D5C9CE-AE53-4864-AD80-9FD7AEB0D240}.Debug|Any CPU.ActiveCfg = Debug|Any CPU
		{E1D5C9CE-AE53-4864-AD80-9FD7AEB0D240}.Debug|Any CPU.Build.0 = Debug|Any CPU
		{E1D5C9CE-AE53-4864-AD80-9FD7AEB0D240}.Release|Any CPU.ActiveCfg = Release|Any CPU
		{E1D5C9CE-AE53-4864-AD80-9FD7AEB0D240}.Release|Any CPU.Build.0 = Release|Any CPU
		{123633AE-5EF3-41E7-ACFD-8FE617EBB04C}.Debug|Any CPU.ActiveCfg = Debug|Any CPU
		{123633AE-5EF3-41E7-ACFD-8FE617EBB04C}.Debug|Any CPU.Build.0 = Debug|Any CPU
		{123633AE-5EF3-41E7-ACFD-8FE617EBB04C}.Release|Any CPU.ActiveCfg = Release|Any CPU
		{123633AE-5EF3-41E7-ACFD-8FE617EBB04C}.Release|Any CPU.Build.0 = Release|Any CPU
		{5421D957-094B-4949-889D-33429C888AFA}.Debug|Any CPU.ActiveCfg = Debug|Any CPU
		{5421D957-094B-4949-889D-33429C888AFA}.Debug|Any CPU.Build.0 = Debug|Any CPU
		{5421D957-094B-4949-889D-33429C888AFA}.Release|Any CPU.ActiveCfg = Release|Any CPU
		{5421D957-094B-4949-889D-33429C888AFA}.Release|Any CPU.Build.0 = Release|Any CPU
		{F5EFE3BE-4250-4F91-9809-C1DD465707B4}.Debug|Any CPU.ActiveCfg = Debug|Any CPU
		{F5EFE3BE-4250-4F91-9809-C1DD465707B4}.Debug|Any CPU.Build.0 = Debug|Any CPU
		{F5EFE3BE-4250-4F91-9809-C1DD465707B4}.Release|Any CPU.ActiveCfg = Release|Any CPU
		{F5EFE3BE-4250-4F91-9809-C1DD465707B4}.Release|Any CPU.Build.0 = Release|Any CPU
		{FFE4B867-A196-4A0E-AAFA-9D6736F8C57C}.Debug|Any CPU.ActiveCfg = Debug|Any CPU
		{FFE4B867-A196-4A0E-AAFA-9D6736F8C57C}.Debug|Any CPU.Build.0 = Debug|Any CPU
		{FFE4B867-A196-4A0E-AAFA-9D6736F8C57C}.Release|Any CPU.ActiveCfg = Release|Any CPU
		{FFE4B867-A196-4A0E-AAFA-9D6736F8C57C}.Release|Any CPU.Build.0 = Release|Any CPU
		{4CBA6D10-56B7-45BB-847C-F98FFA130B62}.Debug|Any CPU.ActiveCfg = Debug|Any CPU
		{4CBA6D10-56B7-45BB-847C-F98FFA130B62}.Debug|Any CPU.Build.0 = Debug|Any CPU
		{4CBA6D10-56B7-45BB-847C-F98FFA130B62}.Release|Any CPU.ActiveCfg = Release|Any CPU
		{4CBA6D10-56B7-45BB-847C-F98FFA130B62}.Release|Any CPU.Build.0 = Release|Any CPU
		{CC6D152C-FC67-4953-848E-C43CA6C906E6}.Debug|Any CPU.ActiveCfg = Debug|Any CPU
		{CC6D152C-FC67-4953-848E-C43CA6C906E6}.Debug|Any CPU.Build.0 = Debug|Any CPU
		{CC6D152C-FC67-4953-848E-C43CA6C906E6}.Release|Any CPU.ActiveCfg = Release|Any CPU
		{CC6D152C-FC67-4953-848E-C43CA6C906E6}.Release|Any CPU.Build.0 = Release|Any CPU
		{20357386-ED2D-453F-BB74-9FB92F3801E3}.Debug|Any CPU.ActiveCfg = Debug|Any CPU
		{20357386-ED2D-453F-BB74-9FB92F3801E3}.Debug|Any CPU.Build.0 = Debug|Any CPU
		{20357386-ED2D-453F-BB74-9FB92F3801E3}.Release|Any CPU.ActiveCfg = Release|Any CPU
		{20357386-ED2D-453F-BB74-9FB92F3801E3}.Release|Any CPU.Build.0 = Release|Any CPU
		{0FE6C645-EDDA-40AD-98A7-400175D0C2B0}.Debug|Any CPU.ActiveCfg = Debug|Any CPU
		{0FE6C645-EDDA-40AD-98A7-400175D0C2B0}.Debug|Any CPU.Build.0 = Debug|Any CPU
		{0FE6C645-EDDA-40AD-98A7-400175D0C2B0}.Release|Any CPU.ActiveCfg = Release|Any CPU
		{0FE6C645-EDDA-40AD-98A7-400175D0C2B0}.Release|Any CPU.Build.0 = Release|Any CPU
		{E8AD5237-CBC0-4FAE-AFF5-85C59BD41E25}.Debug|Any CPU.ActiveCfg = Debug|Any CPU
		{E8AD5237-CBC0-4FAE-AFF5-85C59BD41E25}.Debug|Any CPU.Build.0 = Debug|Any CPU
		{E8AD5237-CBC0-4FAE-AFF5-85C59BD41E25}.Release|Any CPU.ActiveCfg = Release|Any CPU
		{E8AD5237-CBC0-4FAE-AFF5-85C59BD41E25}.Release|Any CPU.Build.0 = Release|Any CPU
		{FF1C0D65-03F7-4BB6-916F-B97BFA704942}.Debug|Any CPU.ActiveCfg = Debug|Any CPU
		{FF1C0D65-03F7-4BB6-916F-B97BFA704942}.Debug|Any CPU.Build.0 = Debug|Any CPU
		{FF1C0D65-03F7-4BB6-916F-B97BFA704942}.Release|Any CPU.ActiveCfg = Release|Any CPU
		{FF1C0D65-03F7-4BB6-916F-B97BFA704942}.Release|Any CPU.Build.0 = Release|Any CPU
		{3043108D-CAD5-4535-8D15-04A841EF2D10}.Debug|Any CPU.ActiveCfg = Debug|Any CPU
		{3043108D-CAD5-4535-8D15-04A841EF2D10}.Debug|Any CPU.Build.0 = Debug|Any CPU
		{3043108D-CAD5-4535-8D15-04A841EF2D10}.Release|Any CPU.ActiveCfg = Release|Any CPU
		{3043108D-CAD5-4535-8D15-04A841EF2D10}.Release|Any CPU.Build.0 = Release|Any CPU
		{F159989A-8B4B-4C33-91C8-D2FBE0D25BF4}.Debug|Any CPU.ActiveCfg = Debug|Any CPU
		{F159989A-8B4B-4C33-91C8-D2FBE0D25BF4}.Debug|Any CPU.Build.0 = Debug|Any CPU
		{F159989A-8B4B-4C33-91C8-D2FBE0D25BF4}.Release|Any CPU.ActiveCfg = Release|Any CPU
		{F159989A-8B4B-4C33-91C8-D2FBE0D25BF4}.Release|Any CPU.Build.0 = Release|Any CPU
		{25687F97-1F1D-484A-92B5-33D5A8256443}.Debug|Any CPU.ActiveCfg = Debug|Any CPU
		{25687F97-1F1D-484A-92B5-33D5A8256443}.Debug|Any CPU.Build.0 = Debug|Any CPU
		{25687F97-1F1D-484A-92B5-33D5A8256443}.Release|Any CPU.ActiveCfg = Release|Any CPU
		{25687F97-1F1D-484A-92B5-33D5A8256443}.Release|Any CPU.Build.0 = Release|Any CPU
		{3F5DF783-0ACE-4699-94A9-63D5DDE760C1}.Debug|Any CPU.ActiveCfg = Debug|Any CPU
		{3F5DF783-0ACE-4699-94A9-63D5DDE760C1}.Debug|Any CPU.Build.0 = Debug|Any CPU
		{3F5DF783-0ACE-4699-94A9-63D5DDE760C1}.Release|Any CPU.ActiveCfg = Release|Any CPU
		{3F5DF783-0ACE-4699-94A9-63D5DDE760C1}.Release|Any CPU.Build.0 = Release|Any CPU
		{E1603232-6A37-43CB-88AA-73604954E39E}.Debug|Any CPU.ActiveCfg = Debug|Any CPU
		{E1603232-6A37-43CB-88AA-73604954E39E}.Debug|Any CPU.Build.0 = Debug|Any CPU
		{E1603232-6A37-43CB-88AA-73604954E39E}.Release|Any CPU.ActiveCfg = Release|Any CPU
		{E1603232-6A37-43CB-88AA-73604954E39E}.Release|Any CPU.Build.0 = Release|Any CPU
		{74331E4B-B789-4A67-97CE-45521246AF34}.Debug|Any CPU.ActiveCfg = Debug|Any CPU
		{74331E4B-B789-4A67-97CE-45521246AF34}.Debug|Any CPU.Build.0 = Debug|Any CPU
		{74331E4B-B789-4A67-97CE-45521246AF34}.Release|Any CPU.ActiveCfg = Release|Any CPU
		{74331E4B-B789-4A67-97CE-45521246AF34}.Release|Any CPU.Build.0 = Release|Any CPU
		{2DD18AFB-627D-4649-A2CB-ADC48E16222D}.Debug|Any CPU.ActiveCfg = Debug|Any CPU
		{2DD18AFB-627D-4649-A2CB-ADC48E16222D}.Debug|Any CPU.Build.0 = Debug|Any CPU
		{2DD18AFB-627D-4649-A2CB-ADC48E16222D}.Release|Any CPU.ActiveCfg = Release|Any CPU
		{2DD18AFB-627D-4649-A2CB-ADC48E16222D}.Release|Any CPU.Build.0 = Release|Any CPU
		{E3702AE7-C040-4A64-9393-380FB225AADC}.Debug|Any CPU.ActiveCfg = Debug|Any CPU
		{E3702AE7-C040-4A64-9393-380FB225AADC}.Debug|Any CPU.Build.0 = Debug|Any CPU
		{E3702AE7-C040-4A64-9393-380FB225AADC}.Release|Any CPU.ActiveCfg = Release|Any CPU
		{E3702AE7-C040-4A64-9393-380FB225AADC}.Release|Any CPU.Build.0 = Release|Any CPU
		{87EC9AD3-5CA0-4838-BFA5-45A58BC7809F}.Debug|Any CPU.ActiveCfg = Debug|Any CPU
		{87EC9AD3-5CA0-4838-BFA5-45A58BC7809F}.Debug|Any CPU.Build.0 = Debug|Any CPU
		{87EC9AD3-5CA0-4838-BFA5-45A58BC7809F}.Release|Any CPU.ActiveCfg = Release|Any CPU
		{87EC9AD3-5CA0-4838-BFA5-45A58BC7809F}.Release|Any CPU.Build.0 = Release|Any CPU
		{2E9FF812-3946-4629-BDCF-6D1F6ED15849}.Debug|Any CPU.ActiveCfg = Debug|Any CPU
		{2E9FF812-3946-4629-BDCF-6D1F6ED15849}.Debug|Any CPU.Build.0 = Debug|Any CPU
		{2E9FF812-3946-4629-BDCF-6D1F6ED15849}.Release|Any CPU.ActiveCfg = Release|Any CPU
		{2E9FF812-3946-4629-BDCF-6D1F6ED15849}.Release|Any CPU.Build.0 = Release|Any CPU
		{9588A92B-8C55-4E4C-B0C0-F454E000D15D}.Debug|Any CPU.ActiveCfg = Debug|Any CPU
		{9588A92B-8C55-4E4C-B0C0-F454E000D15D}.Debug|Any CPU.Build.0 = Debug|Any CPU
		{9588A92B-8C55-4E4C-B0C0-F454E000D15D}.Release|Any CPU.ActiveCfg = Release|Any CPU
		{9588A92B-8C55-4E4C-B0C0-F454E000D15D}.Release|Any CPU.Build.0 = Release|Any CPU
		{244C76BA-9BD2-4C50-BD11-2A85E79EBC01}.Debug|Any CPU.ActiveCfg = Debug|Any CPU
		{244C76BA-9BD2-4C50-BD11-2A85E79EBC01}.Debug|Any CPU.Build.0 = Debug|Any CPU
		{244C76BA-9BD2-4C50-BD11-2A85E79EBC01}.Release|Any CPU.ActiveCfg = Release|Any CPU
		{244C76BA-9BD2-4C50-BD11-2A85E79EBC01}.Release|Any CPU.Build.0 = Release|Any CPU
		{DE63068D-87BF-416C-9664-A4F3E9AFC870}.Debug|Any CPU.ActiveCfg = Debug|Any CPU
		{DE63068D-87BF-416C-9664-A4F3E9AFC870}.Debug|Any CPU.Build.0 = Debug|Any CPU
		{DE63068D-87BF-416C-9664-A4F3E9AFC870}.Release|Any CPU.ActiveCfg = Release|Any CPU
		{DE63068D-87BF-416C-9664-A4F3E9AFC870}.Release|Any CPU.Build.0 = Release|Any CPU
		{9EFCA08F-835B-4F28-997F-3178FA560259}.Debug|Any CPU.ActiveCfg = Debug|Any CPU
		{9EFCA08F-835B-4F28-997F-3178FA560259}.Debug|Any CPU.Build.0 = Debug|Any CPU
		{9EFCA08F-835B-4F28-997F-3178FA560259}.Release|Any CPU.ActiveCfg = Release|Any CPU
		{9EFCA08F-835B-4F28-997F-3178FA560259}.Release|Any CPU.Build.0 = Release|Any CPU
		{90D9300D-E954-49A1-B939-73D7CD621DC7}.Debug|Any CPU.ActiveCfg = Debug|Any CPU
		{90D9300D-E954-49A1-B939-73D7CD621DC7}.Debug|Any CPU.Build.0 = Debug|Any CPU
		{90D9300D-E954-49A1-B939-73D7CD621DC7}.Release|Any CPU.ActiveCfg = Release|Any CPU
		{90D9300D-E954-49A1-B939-73D7CD621DC7}.Release|Any CPU.Build.0 = Release|Any CPU
		{783BEEBE-1CDD-4714-A01E-C33AF3D7F63B}.Debug|Any CPU.ActiveCfg = Debug|Any CPU
		{783BEEBE-1CDD-4714-A01E-C33AF3D7F63B}.Debug|Any CPU.Build.0 = Debug|Any CPU
		{783BEEBE-1CDD-4714-A01E-C33AF3D7F63B}.Release|Any CPU.ActiveCfg = Release|Any CPU
		{783BEEBE-1CDD-4714-A01E-C33AF3D7F63B}.Release|Any CPU.Build.0 = Release|Any CPU
		{587EC4BD-0B71-4E06-8D0D-FF64A99002F3}.Debug|Any CPU.ActiveCfg = Debug|Any CPU
		{587EC4BD-0B71-4E06-8D0D-FF64A99002F3}.Debug|Any CPU.Build.0 = Debug|Any CPU
		{587EC4BD-0B71-4E06-8D0D-FF64A99002F3}.Release|Any CPU.ActiveCfg = Release|Any CPU
		{587EC4BD-0B71-4E06-8D0D-FF64A99002F3}.Release|Any CPU.Build.0 = Release|Any CPU
		{2D6A1E87-378C-489D-BB24-8CD7F74BC379}.Debug|Any CPU.ActiveCfg = Debug|Any CPU
		{2D6A1E87-378C-489D-BB24-8CD7F74BC379}.Debug|Any CPU.Build.0 = Debug|Any CPU
		{2D6A1E87-378C-489D-BB24-8CD7F74BC379}.Release|Any CPU.ActiveCfg = Release|Any CPU
		{2D6A1E87-378C-489D-BB24-8CD7F74BC379}.Release|Any CPU.Build.0 = Release|Any CPU
		{A9A69104-D5B2-46F6-B631-CDCE17E75208}.Debug|Any CPU.ActiveCfg = Debug|Any CPU
		{A9A69104-D5B2-46F6-B631-CDCE17E75208}.Debug|Any CPU.Build.0 = Debug|Any CPU
		{A9A69104-D5B2-46F6-B631-CDCE17E75208}.Release|Any CPU.ActiveCfg = Release|Any CPU
		{A9A69104-D5B2-46F6-B631-CDCE17E75208}.Release|Any CPU.Build.0 = Release|Any CPU
		{91CFA445-997B-439E-8E04-B0FE2BF68C8B}.Debug|Any CPU.ActiveCfg = Debug|Any CPU
		{91CFA445-997B-439E-8E04-B0FE2BF68C8B}.Debug|Any CPU.Build.0 = Debug|Any CPU
		{91CFA445-997B-439E-8E04-B0FE2BF68C8B}.Release|Any CPU.ActiveCfg = Release|Any CPU
		{91CFA445-997B-439E-8E04-B0FE2BF68C8B}.Release|Any CPU.Build.0 = Release|Any CPU
		{BCD3C859-D706-487C-8E37-9753B4C05199}.Debug|Any CPU.ActiveCfg = Debug|Any CPU
		{BCD3C859-D706-487C-8E37-9753B4C05199}.Debug|Any CPU.Build.0 = Debug|Any CPU
		{BCD3C859-D706-487C-8E37-9753B4C05199}.Release|Any CPU.ActiveCfg = Release|Any CPU
		{BCD3C859-D706-487C-8E37-9753B4C05199}.Release|Any CPU.Build.0 = Release|Any CPU
		{A21EC076-9A06-4856-83F3-946E02E626A5}.Debug|Any CPU.ActiveCfg = Debug|Any CPU
		{A21EC076-9A06-4856-83F3-946E02E626A5}.Debug|Any CPU.Build.0 = Debug|Any CPU
		{A21EC076-9A06-4856-83F3-946E02E626A5}.Release|Any CPU.ActiveCfg = Release|Any CPU
		{A21EC076-9A06-4856-83F3-946E02E626A5}.Release|Any CPU.Build.0 = Release|Any CPU
		{0683DA8B-3466-47CC-81B5-BC209F8397AF}.Debug|Any CPU.ActiveCfg = Debug|Any CPU
		{0683DA8B-3466-47CC-81B5-BC209F8397AF}.Debug|Any CPU.Build.0 = Debug|Any CPU
		{0683DA8B-3466-47CC-81B5-BC209F8397AF}.Release|Any CPU.ActiveCfg = Release|Any CPU
		{0683DA8B-3466-47CC-81B5-BC209F8397AF}.Release|Any CPU.Build.0 = Release|Any CPU
		{69AA7B48-2C59-4324-B17E-DB7F6BDF47D5}.Debug|Any CPU.ActiveCfg = Debug|Any CPU
		{69AA7B48-2C59-4324-B17E-DB7F6BDF47D5}.Debug|Any CPU.Build.0 = Debug|Any CPU
		{69AA7B48-2C59-4324-B17E-DB7F6BDF47D5}.Release|Any CPU.ActiveCfg = Release|Any CPU
		{69AA7B48-2C59-4324-B17E-DB7F6BDF47D5}.Release|Any CPU.Build.0 = Release|Any CPU
		{DF7DBA0E-792A-4774-9429-40DEE2DABDA1}.Debug|Any CPU.ActiveCfg = Debug|Any CPU
		{DF7DBA0E-792A-4774-9429-40DEE2DABDA1}.Debug|Any CPU.Build.0 = Debug|Any CPU
		{DF7DBA0E-792A-4774-9429-40DEE2DABDA1}.Release|Any CPU.ActiveCfg = Release|Any CPU
		{DF7DBA0E-792A-4774-9429-40DEE2DABDA1}.Release|Any CPU.Build.0 = Release|Any CPU
		{E9C76FB9-66FF-40E9-B0A3-6FDD72B99944}.Debug|Any CPU.ActiveCfg = Debug|Any CPU
		{E9C76FB9-66FF-40E9-B0A3-6FDD72B99944}.Debug|Any CPU.Build.0 = Debug|Any CPU
		{E9C76FB9-66FF-40E9-B0A3-6FDD72B99944}.Release|Any CPU.ActiveCfg = Release|Any CPU
		{E9C76FB9-66FF-40E9-B0A3-6FDD72B99944}.Release|Any CPU.Build.0 = Release|Any CPU
		{8AA3BE99-99B3-4330-8736-F7EF5D57F08B}.Debug|Any CPU.ActiveCfg = Debug|Any CPU
		{8AA3BE99-99B3-4330-8736-F7EF5D57F08B}.Debug|Any CPU.Build.0 = Debug|Any CPU
		{8AA3BE99-99B3-4330-8736-F7EF5D57F08B}.Release|Any CPU.ActiveCfg = Release|Any CPU
		{8AA3BE99-99B3-4330-8736-F7EF5D57F08B}.Release|Any CPU.Build.0 = Release|Any CPU
		{A0FF6333-ACF5-4E72-BB9D-036C50158991}.Debug|Any CPU.ActiveCfg = Debug|Any CPU
		{A0FF6333-ACF5-4E72-BB9D-036C50158991}.Debug|Any CPU.Build.0 = Debug|Any CPU
		{A0FF6333-ACF5-4E72-BB9D-036C50158991}.Release|Any CPU.ActiveCfg = Release|Any CPU
		{A0FF6333-ACF5-4E72-BB9D-036C50158991}.Release|Any CPU.Build.0 = Release|Any CPU
		{B3CDF409-F8C2-401F-9879-4CEE51D8CD0D}.Debug|Any CPU.ActiveCfg = Debug|Any CPU
		{B3CDF409-F8C2-401F-9879-4CEE51D8CD0D}.Debug|Any CPU.Build.0 = Debug|Any CPU
		{B3CDF409-F8C2-401F-9879-4CEE51D8CD0D}.Release|Any CPU.ActiveCfg = Release|Any CPU
		{B3CDF409-F8C2-401F-9879-4CEE51D8CD0D}.Release|Any CPU.Build.0 = Release|Any CPU
		{458CB555-3306-4BB8-9ACD-281A63D87B01}.Debug|Any CPU.ActiveCfg = Debug|Any CPU
		{458CB555-3306-4BB8-9ACD-281A63D87B01}.Debug|Any CPU.Build.0 = Debug|Any CPU
		{458CB555-3306-4BB8-9ACD-281A63D87B01}.Release|Any CPU.ActiveCfg = Release|Any CPU
		{458CB555-3306-4BB8-9ACD-281A63D87B01}.Release|Any CPU.Build.0 = Release|Any CPU
		{93C1C821-1E0D-4973-A0CF-35B1276322CE}.Debug|Any CPU.ActiveCfg = Debug|Any CPU
		{93C1C821-1E0D-4973-A0CF-35B1276322CE}.Debug|Any CPU.Build.0 = Debug|Any CPU
		{93C1C821-1E0D-4973-A0CF-35B1276322CE}.Release|Any CPU.ActiveCfg = Release|Any CPU
		{93C1C821-1E0D-4973-A0CF-35B1276322CE}.Release|Any CPU.Build.0 = Release|Any CPU
		{7EBB40FA-5953-4DE2-9419-91E4F9E09A3C}.Debug|Any CPU.ActiveCfg = Debug|Any CPU
		{7EBB40FA-5953-4DE2-9419-91E4F9E09A3C}.Debug|Any CPU.Build.0 = Debug|Any CPU
		{7EBB40FA-5953-4DE2-9419-91E4F9E09A3C}.Release|Any CPU.ActiveCfg = Release|Any CPU
		{7EBB40FA-5953-4DE2-9419-91E4F9E09A3C}.Release|Any CPU.Build.0 = Release|Any CPU
		{76E9C4B9-7624-4E22-8B6B-4830C5D33D2F}.Debug|Any CPU.ActiveCfg = Debug|Any CPU
		{76E9C4B9-7624-4E22-8B6B-4830C5D33D2F}.Debug|Any CPU.Build.0 = Debug|Any CPU
		{76E9C4B9-7624-4E22-8B6B-4830C5D33D2F}.Release|Any CPU.ActiveCfg = Release|Any CPU
		{76E9C4B9-7624-4E22-8B6B-4830C5D33D2F}.Release|Any CPU.Build.0 = Release|Any CPU
		{65EC59AD-BE7F-4469-BF45-D33679D891C7}.Debug|Any CPU.ActiveCfg = Debug|Any CPU
		{65EC59AD-BE7F-4469-BF45-D33679D891C7}.Debug|Any CPU.Build.0 = Debug|Any CPU
		{65EC59AD-BE7F-4469-BF45-D33679D891C7}.Release|Any CPU.ActiveCfg = Release|Any CPU
		{65EC59AD-BE7F-4469-BF45-D33679D891C7}.Release|Any CPU.Build.0 = Release|Any CPU
		{F05E9981-93F3-4F15-9900-53B065B0A9E7}.Debug|Any CPU.ActiveCfg = Debug|Any CPU
		{F05E9981-93F3-4F15-9900-53B065B0A9E7}.Debug|Any CPU.Build.0 = Debug|Any CPU
		{F05E9981-93F3-4F15-9900-53B065B0A9E7}.Release|Any CPU.ActiveCfg = Release|Any CPU
		{F05E9981-93F3-4F15-9900-53B065B0A9E7}.Release|Any CPU.Build.0 = Release|Any CPU
		{FC0B55A0-F52A-4FEA-AFBE-91E446CEEB52}.Debug|Any CPU.ActiveCfg = Debug|Any CPU
		{FC0B55A0-F52A-4FEA-AFBE-91E446CEEB52}.Debug|Any CPU.Build.0 = Debug|Any CPU
		{FC0B55A0-F52A-4FEA-AFBE-91E446CEEB52}.Release|Any CPU.ActiveCfg = Release|Any CPU
		{FC0B55A0-F52A-4FEA-AFBE-91E446CEEB52}.Release|Any CPU.Build.0 = Release|Any CPU
		{4C9DE932-EC8C-4776-94D7-1645419BBBF0}.Debug|Any CPU.ActiveCfg = Debug|Any CPU
		{4C9DE932-EC8C-4776-94D7-1645419BBBF0}.Debug|Any CPU.Build.0 = Debug|Any CPU
		{4C9DE932-EC8C-4776-94D7-1645419BBBF0}.Release|Any CPU.ActiveCfg = Release|Any CPU
		{4C9DE932-EC8C-4776-94D7-1645419BBBF0}.Release|Any CPU.Build.0 = Release|Any CPU
		{F71C813A-8106-440F-BAC2-BC11C9AFD94B}.Debug|Any CPU.ActiveCfg = Debug|Any CPU
		{F71C813A-8106-440F-BAC2-BC11C9AFD94B}.Debug|Any CPU.Build.0 = Debug|Any CPU
		{F71C813A-8106-440F-BAC2-BC11C9AFD94B}.Release|Any CPU.ActiveCfg = Release|Any CPU
		{F71C813A-8106-440F-BAC2-BC11C9AFD94B}.Release|Any CPU.Build.0 = Release|Any CPU
		{ADA52053-99DB-4F5B-B7AC-DFF81C3EA612}.Debug|Any CPU.ActiveCfg = Debug|Any CPU
		{ADA52053-99DB-4F5B-B7AC-DFF81C3EA612}.Debug|Any CPU.Build.0 = Debug|Any CPU
		{ADA52053-99DB-4F5B-B7AC-DFF81C3EA612}.Release|Any CPU.ActiveCfg = Release|Any CPU
		{ADA52053-99DB-4F5B-B7AC-DFF81C3EA612}.Release|Any CPU.Build.0 = Release|Any CPU
		{EF2DADC4-AF92-459D-AAC6-9438719C32CA}.Debug|Any CPU.ActiveCfg = Debug|Any CPU
		{EF2DADC4-AF92-459D-AAC6-9438719C32CA}.Debug|Any CPU.Build.0 = Debug|Any CPU
		{EF2DADC4-AF92-459D-AAC6-9438719C32CA}.Release|Any CPU.ActiveCfg = Release|Any CPU
		{EF2DADC4-AF92-459D-AAC6-9438719C32CA}.Release|Any CPU.Build.0 = Release|Any CPU
		{015B8DE4-443E-42DA-A57E-7A3E331A7B99}.Debug|Any CPU.ActiveCfg = Debug|Any CPU
		{015B8DE4-443E-42DA-A57E-7A3E331A7B99}.Debug|Any CPU.Build.0 = Debug|Any CPU
		{015B8DE4-443E-42DA-A57E-7A3E331A7B99}.Release|Any CPU.ActiveCfg = Release|Any CPU
		{015B8DE4-443E-42DA-A57E-7A3E331A7B99}.Release|Any CPU.Build.0 = Release|Any CPU
		{62F33F4D-1A4B-4246-9C23-BB9736BB932D}.Debug|Any CPU.ActiveCfg = Debug|Any CPU
		{62F33F4D-1A4B-4246-9C23-BB9736BB932D}.Debug|Any CPU.Build.0 = Debug|Any CPU
		{62F33F4D-1A4B-4246-9C23-BB9736BB932D}.Release|Any CPU.ActiveCfg = Release|Any CPU
		{62F33F4D-1A4B-4246-9C23-BB9736BB932D}.Release|Any CPU.Build.0 = Release|Any CPU
		{FA6081E3-BD6C-4032-9FED-2CB3ECEF463F}.Debug|Any CPU.ActiveCfg = Debug|Any CPU
		{FA6081E3-BD6C-4032-9FED-2CB3ECEF463F}.Debug|Any CPU.Build.0 = Debug|Any CPU
		{FA6081E3-BD6C-4032-9FED-2CB3ECEF463F}.Release|Any CPU.ActiveCfg = Release|Any CPU
		{FA6081E3-BD6C-4032-9FED-2CB3ECEF463F}.Release|Any CPU.Build.0 = Release|Any CPU
		{EBFA0932-F1C1-4BD7-940C-82B3BD2D3990}.Debug|Any CPU.ActiveCfg = Debug|Any CPU
		{EBFA0932-F1C1-4BD7-940C-82B3BD2D3990}.Debug|Any CPU.Build.0 = Debug|Any CPU
		{EBFA0932-F1C1-4BD7-940C-82B3BD2D3990}.Release|Any CPU.ActiveCfg = Release|Any CPU
		{EBFA0932-F1C1-4BD7-940C-82B3BD2D3990}.Release|Any CPU.Build.0 = Release|Any CPU
		{84850D84-7122-4CA7-A0FD-06FFA1ED4B28}.Debug|Any CPU.ActiveCfg = Debug|Any CPU
		{84850D84-7122-4CA7-A0FD-06FFA1ED4B28}.Debug|Any CPU.Build.0 = Debug|Any CPU
		{84850D84-7122-4CA7-A0FD-06FFA1ED4B28}.Release|Any CPU.ActiveCfg = Release|Any CPU
		{84850D84-7122-4CA7-A0FD-06FFA1ED4B28}.Release|Any CPU.Build.0 = Release|Any CPU
		{24B8DA1F-761F-4A80-A3A1-919AD249ABDC}.Debug|Any CPU.ActiveCfg = Debug|Any CPU
		{24B8DA1F-761F-4A80-A3A1-919AD249ABDC}.Debug|Any CPU.Build.0 = Debug|Any CPU
		{24B8DA1F-761F-4A80-A3A1-919AD249ABDC}.Release|Any CPU.ActiveCfg = Release|Any CPU
		{24B8DA1F-761F-4A80-A3A1-919AD249ABDC}.Release|Any CPU.Build.0 = Release|Any CPU
		{10EDC7DE-81E6-4196-8906-D0273B557465}.Debug|Any CPU.ActiveCfg = Debug|Any CPU
		{10EDC7DE-81E6-4196-8906-D0273B557465}.Debug|Any CPU.Build.0 = Debug|Any CPU
		{10EDC7DE-81E6-4196-8906-D0273B557465}.Release|Any CPU.ActiveCfg = Release|Any CPU
		{10EDC7DE-81E6-4196-8906-D0273B557465}.Release|Any CPU.Build.0 = Release|Any CPU
		{8721C833-3882-47DB-8951-CFAE84C5EA7A}.Debug|Any CPU.ActiveCfg = Debug|Any CPU
		{8721C833-3882-47DB-8951-CFAE84C5EA7A}.Debug|Any CPU.Build.0 = Debug|Any CPU
		{8721C833-3882-47DB-8951-CFAE84C5EA7A}.Release|Any CPU.ActiveCfg = Release|Any CPU
		{8721C833-3882-47DB-8951-CFAE84C5EA7A}.Release|Any CPU.Build.0 = Release|Any CPU
		{5DE6430D-C6E3-4659-9DDA-2EC329CCA0F7}.Debug|Any CPU.ActiveCfg = Debug|Any CPU
		{5DE6430D-C6E3-4659-9DDA-2EC329CCA0F7}.Debug|Any CPU.Build.0 = Debug|Any CPU
		{5DE6430D-C6E3-4659-9DDA-2EC329CCA0F7}.Release|Any CPU.ActiveCfg = Release|Any CPU
		{5DE6430D-C6E3-4659-9DDA-2EC329CCA0F7}.Release|Any CPU.Build.0 = Release|Any CPU
		{D91FD30F-4631-4170-9EEB-BF51D9FFCB55}.Debug|Any CPU.ActiveCfg = Debug|Any CPU
		{D91FD30F-4631-4170-9EEB-BF51D9FFCB55}.Debug|Any CPU.Build.0 = Debug|Any CPU
		{D91FD30F-4631-4170-9EEB-BF51D9FFCB55}.Release|Any CPU.ActiveCfg = Release|Any CPU
		{D91FD30F-4631-4170-9EEB-BF51D9FFCB55}.Release|Any CPU.Build.0 = Release|Any CPU
		{2E473303-02CF-493C-B7F7-6C7A06FBF36B}.Debug|Any CPU.ActiveCfg = Debug|Any CPU
		{2E473303-02CF-493C-B7F7-6C7A06FBF36B}.Debug|Any CPU.Build.0 = Debug|Any CPU
		{2E473303-02CF-493C-B7F7-6C7A06FBF36B}.Release|Any CPU.ActiveCfg = Release|Any CPU
		{2E473303-02CF-493C-B7F7-6C7A06FBF36B}.Release|Any CPU.Build.0 = Release|Any CPU
		{1C43608B-3B1A-4FB9-883C-A4154AB32BC9}.Debug|Any CPU.ActiveCfg = Debug|Any CPU
		{1C43608B-3B1A-4FB9-883C-A4154AB32BC9}.Debug|Any CPU.Build.0 = Debug|Any CPU
		{1C43608B-3B1A-4FB9-883C-A4154AB32BC9}.Release|Any CPU.ActiveCfg = Release|Any CPU
		{1C43608B-3B1A-4FB9-883C-A4154AB32BC9}.Release|Any CPU.Build.0 = Release|Any CPU
		{71566EF9-06E0-4184-BC60-0983AD2B3EFC}.Debug|Any CPU.ActiveCfg = Debug|Any CPU
		{71566EF9-06E0-4184-BC60-0983AD2B3EFC}.Debug|Any CPU.Build.0 = Debug|Any CPU
		{71566EF9-06E0-4184-BC60-0983AD2B3EFC}.Release|Any CPU.ActiveCfg = Release|Any CPU
		{71566EF9-06E0-4184-BC60-0983AD2B3EFC}.Release|Any CPU.Build.0 = Release|Any CPU
		{1D1B12A8-4F66-4D28-A6D0-BD94374E8419}.Debug|Any CPU.ActiveCfg = Debug|Any CPU
		{1D1B12A8-4F66-4D28-A6D0-BD94374E8419}.Debug|Any CPU.Build.0 = Debug|Any CPU
		{1D1B12A8-4F66-4D28-A6D0-BD94374E8419}.Release|Any CPU.ActiveCfg = Release|Any CPU
		{1D1B12A8-4F66-4D28-A6D0-BD94374E8419}.Release|Any CPU.Build.0 = Release|Any CPU
		{3CEC019B-5714-4BB6-AC6E-9B0B7D5B6262}.Debug|Any CPU.ActiveCfg = Debug|Any CPU
		{3CEC019B-5714-4BB6-AC6E-9B0B7D5B6262}.Debug|Any CPU.Build.0 = Debug|Any CPU
		{3CEC019B-5714-4BB6-AC6E-9B0B7D5B6262}.Release|Any CPU.ActiveCfg = Release|Any CPU
		{3CEC019B-5714-4BB6-AC6E-9B0B7D5B6262}.Release|Any CPU.Build.0 = Release|Any CPU
		{B3D605E4-20E5-4B51-92A4-DC097AAEC5F6}.Debug|Any CPU.ActiveCfg = Debug|Any CPU
		{B3D605E4-20E5-4B51-92A4-DC097AAEC5F6}.Debug|Any CPU.Build.0 = Debug|Any CPU
		{B3D605E4-20E5-4B51-92A4-DC097AAEC5F6}.Release|Any CPU.ActiveCfg = Release|Any CPU
		{B3D605E4-20E5-4B51-92A4-DC097AAEC5F6}.Release|Any CPU.Build.0 = Release|Any CPU
		{82D6DE55-BF10-4D3E-8359-6E86BD1256BF}.Debug|Any CPU.ActiveCfg = Debug|Any CPU
		{82D6DE55-BF10-4D3E-8359-6E86BD1256BF}.Debug|Any CPU.Build.0 = Debug|Any CPU
		{82D6DE55-BF10-4D3E-8359-6E86BD1256BF}.Release|Any CPU.ActiveCfg = Release|Any CPU
		{82D6DE55-BF10-4D3E-8359-6E86BD1256BF}.Release|Any CPU.Build.0 = Release|Any CPU
		{FA23026F-460C-4886-A4E4-9FD65F5F9E26}.Debug|Any CPU.ActiveCfg = Debug|Any CPU
		{FA23026F-460C-4886-A4E4-9FD65F5F9E26}.Debug|Any CPU.Build.0 = Debug|Any CPU
		{FA23026F-460C-4886-A4E4-9FD65F5F9E26}.Release|Any CPU.ActiveCfg = Release|Any CPU
		{FA23026F-460C-4886-A4E4-9FD65F5F9E26}.Release|Any CPU.Build.0 = Release|Any CPU
		{E2A5593A-7985-41B3-B67C-08A266C231A2}.Debug|Any CPU.ActiveCfg = Debug|Any CPU
		{E2A5593A-7985-41B3-B67C-08A266C231A2}.Debug|Any CPU.Build.0 = Debug|Any CPU
		{E2A5593A-7985-41B3-B67C-08A266C231A2}.Release|Any CPU.ActiveCfg = Release|Any CPU
		{E2A5593A-7985-41B3-B67C-08A266C231A2}.Release|Any CPU.Build.0 = Release|Any CPU
	EndGlobalSection
	GlobalSection(SolutionProperties) = preSolution
		HideSolutionNode = FALSE
	EndGlobalSection
	GlobalSection(ExtensibilityGlobals) = postSolution
		SolutionGuid = {7A80039E-0587-49DE-AFE2-56EC4D423AED}
	EndGlobalSection
	GlobalSection(NestedProjects) = preSolution
		{398A9DE5-CE2A-412D-823A-B706DC518A63} = {41BFDFB8-78CA-40F4-8E7E-6CC21DE78D73}
		{F1CF0674-D1D5-4364-8C9A-C6BFFF2F5A14} = {41BFDFB8-78CA-40F4-8E7E-6CC21DE78D73}
		{725FBA0D-FF51-4751-B3E2-41F1BD017F6A} = {41BFDFB8-78CA-40F4-8E7E-6CC21DE78D73}
		{835A267D-FBE2-45AF-B224-660B54B48C96} = {12EEAA0F-CA41-46A3-80B3-8556ECE49326}
		{1D529457-3DCA-458F-98BA-D3FA22CD17C2} = {12EEAA0F-CA41-46A3-80B3-8556ECE49326}
		{E1D5C9CE-AE53-4864-AD80-9FD7AEB0D240} = {12EEAA0F-CA41-46A3-80B3-8556ECE49326}
		{123633AE-5EF3-41E7-ACFD-8FE617EBB04C} = {12EEAA0F-CA41-46A3-80B3-8556ECE49326}
		{5421D957-094B-4949-889D-33429C888AFA} = {12EEAA0F-CA41-46A3-80B3-8556ECE49326}
		{F5EFE3BE-4250-4F91-9809-C1DD465707B4} = {12EEAA0F-CA41-46A3-80B3-8556ECE49326}
		{FFE4B867-A196-4A0E-AAFA-9D6736F8C57C} = {12EEAA0F-CA41-46A3-80B3-8556ECE49326}
		{4CBA6D10-56B7-45BB-847C-F98FFA130B62} = {12EEAA0F-CA41-46A3-80B3-8556ECE49326}
		{CC6D152C-FC67-4953-848E-C43CA6C906E6} = {12EEAA0F-CA41-46A3-80B3-8556ECE49326}
		{20357386-ED2D-453F-BB74-9FB92F3801E3} = {12EEAA0F-CA41-46A3-80B3-8556ECE49326}
		{0FE6C645-EDDA-40AD-98A7-400175D0C2B0} = {12EEAA0F-CA41-46A3-80B3-8556ECE49326}
		{E8AD5237-CBC0-4FAE-AFF5-85C59BD41E25} = {12EEAA0F-CA41-46A3-80B3-8556ECE49326}
		{FF1C0D65-03F7-4BB6-916F-B97BFA704942} = {12EEAA0F-CA41-46A3-80B3-8556ECE49326}
		{3043108D-CAD5-4535-8D15-04A841EF2D10} = {12EEAA0F-CA41-46A3-80B3-8556ECE49326}
		{F159989A-8B4B-4C33-91C8-D2FBE0D25BF4} = {12EEAA0F-CA41-46A3-80B3-8556ECE49326}
		{25687F97-1F1D-484A-92B5-33D5A8256443} = {12EEAA0F-CA41-46A3-80B3-8556ECE49326}
		{3F5DF783-0ACE-4699-94A9-63D5DDE760C1} = {12EEAA0F-CA41-46A3-80B3-8556ECE49326}
		{E1603232-6A37-43CB-88AA-73604954E39E} = {12EEAA0F-CA41-46A3-80B3-8556ECE49326}
		{74331E4B-B789-4A67-97CE-45521246AF34} = {12EEAA0F-CA41-46A3-80B3-8556ECE49326}
		{2DD18AFB-627D-4649-A2CB-ADC48E16222D} = {12EEAA0F-CA41-46A3-80B3-8556ECE49326}
		{E3702AE7-C040-4A64-9393-380FB225AADC} = {12EEAA0F-CA41-46A3-80B3-8556ECE49326}
		{87EC9AD3-5CA0-4838-BFA5-45A58BC7809F} = {12EEAA0F-CA41-46A3-80B3-8556ECE49326}
		{2E9FF812-3946-4629-BDCF-6D1F6ED15849} = {12EEAA0F-CA41-46A3-80B3-8556ECE49326}
		{9588A92B-8C55-4E4C-B0C0-F454E000D15D} = {12EEAA0F-CA41-46A3-80B3-8556ECE49326}
		{244C76BA-9BD2-4C50-BD11-2A85E79EBC01} = {12EEAA0F-CA41-46A3-80B3-8556ECE49326}
		{DE63068D-87BF-416C-9664-A4F3E9AFC870} = {41BFDFB8-78CA-40F4-8E7E-6CC21DE78D73}
		{9EFCA08F-835B-4F28-997F-3178FA560259} = {41BFDFB8-78CA-40F4-8E7E-6CC21DE78D73}
		{90D9300D-E954-49A1-B939-73D7CD621DC7} = {41BFDFB8-78CA-40F4-8E7E-6CC21DE78D73}
		{783BEEBE-1CDD-4714-A01E-C33AF3D7F63B} = {41BFDFB8-78CA-40F4-8E7E-6CC21DE78D73}
		{587EC4BD-0B71-4E06-8D0D-FF64A99002F3} = {41BFDFB8-78CA-40F4-8E7E-6CC21DE78D73}
		{2D6A1E87-378C-489D-BB24-8CD7F74BC379} = {41BFDFB8-78CA-40F4-8E7E-6CC21DE78D73}
		{A9A69104-D5B2-46F6-B631-CDCE17E75208} = {41BFDFB8-78CA-40F4-8E7E-6CC21DE78D73}
		{91CFA445-997B-439E-8E04-B0FE2BF68C8B} = {41BFDFB8-78CA-40F4-8E7E-6CC21DE78D73}
		{BCD3C859-D706-487C-8E37-9753B4C05199} = {41BFDFB8-78CA-40F4-8E7E-6CC21DE78D73}
		{A21EC076-9A06-4856-83F3-946E02E626A5} = {41BFDFB8-78CA-40F4-8E7E-6CC21DE78D73}
		{0683DA8B-3466-47CC-81B5-BC209F8397AF} = {41BFDFB8-78CA-40F4-8E7E-6CC21DE78D73}
		{69AA7B48-2C59-4324-B17E-DB7F6BDF47D5} = {41BFDFB8-78CA-40F4-8E7E-6CC21DE78D73}
		{DF7DBA0E-792A-4774-9429-40DEE2DABDA1} = {41BFDFB8-78CA-40F4-8E7E-6CC21DE78D73}
		{E9C76FB9-66FF-40E9-B0A3-6FDD72B99944} = {41BFDFB8-78CA-40F4-8E7E-6CC21DE78D73}
		{8AA3BE99-99B3-4330-8736-F7EF5D57F08B} = {41BFDFB8-78CA-40F4-8E7E-6CC21DE78D73}
		{A0FF6333-ACF5-4E72-BB9D-036C50158991} = {41BFDFB8-78CA-40F4-8E7E-6CC21DE78D73}
		{B3CDF409-F8C2-401F-9879-4CEE51D8CD0D} = {41BFDFB8-78CA-40F4-8E7E-6CC21DE78D73}
		{458CB555-3306-4BB8-9ACD-281A63D87B01} = {41BFDFB8-78CA-40F4-8E7E-6CC21DE78D73}
		{93C1C821-1E0D-4973-A0CF-35B1276322CE} = {41BFDFB8-78CA-40F4-8E7E-6CC21DE78D73}
		{7EBB40FA-5953-4DE2-9419-91E4F9E09A3C} = {41BFDFB8-78CA-40F4-8E7E-6CC21DE78D73}
		{76E9C4B9-7624-4E22-8B6B-4830C5D33D2F} = {41BFDFB8-78CA-40F4-8E7E-6CC21DE78D73}
		{65EC59AD-BE7F-4469-BF45-D33679D891C7} = {41BFDFB8-78CA-40F4-8E7E-6CC21DE78D73}
		{F05E9981-93F3-4F15-9900-53B065B0A9E7} = {F574D434-8CC0-44B8-801E-C404970A44A9}
		{FC0B55A0-F52A-4FEA-AFBE-91E446CEEB52} = {F574D434-8CC0-44B8-801E-C404970A44A9}
		{4C9DE932-EC8C-4776-94D7-1645419BBBF0} = {F574D434-8CC0-44B8-801E-C404970A44A9}
		{F71C813A-8106-440F-BAC2-BC11C9AFD94B} = {F574D434-8CC0-44B8-801E-C404970A44A9}
		{ADA52053-99DB-4F5B-B7AC-DFF81C3EA612} = {F574D434-8CC0-44B8-801E-C404970A44A9}
		{EF2DADC4-AF92-459D-AAC6-9438719C32CA} = {F574D434-8CC0-44B8-801E-C404970A44A9}
		{015B8DE4-443E-42DA-A57E-7A3E331A7B99} = {F574D434-8CC0-44B8-801E-C404970A44A9}
		{62F33F4D-1A4B-4246-9C23-BB9736BB932D} = {F574D434-8CC0-44B8-801E-C404970A44A9}
		{FA6081E3-BD6C-4032-9FED-2CB3ECEF463F} = {F574D434-8CC0-44B8-801E-C404970A44A9}
		{EBFA0932-F1C1-4BD7-940C-82B3BD2D3990} = {F574D434-8CC0-44B8-801E-C404970A44A9}
		{84850D84-7122-4CA7-A0FD-06FFA1ED4B28} = {F574D434-8CC0-44B8-801E-C404970A44A9}
		{24B8DA1F-761F-4A80-A3A1-919AD249ABDC} = {F574D434-8CC0-44B8-801E-C404970A44A9}
		{10EDC7DE-81E6-4196-8906-D0273B557465} = {F574D434-8CC0-44B8-801E-C404970A44A9}
		{8721C833-3882-47DB-8951-CFAE84C5EA7A} = {F574D434-8CC0-44B8-801E-C404970A44A9}
		{5DE6430D-C6E3-4659-9DDA-2EC329CCA0F7} = {F574D434-8CC0-44B8-801E-C404970A44A9}
		{D91FD30F-4631-4170-9EEB-BF51D9FFCB55} = {F574D434-8CC0-44B8-801E-C404970A44A9}
		{2E473303-02CF-493C-B7F7-6C7A06FBF36B} = {F574D434-8CC0-44B8-801E-C404970A44A9}
		{1C43608B-3B1A-4FB9-883C-A4154AB32BC9} = {F574D434-8CC0-44B8-801E-C404970A44A9}
		{71566EF9-06E0-4184-BC60-0983AD2B3EFC} = {F574D434-8CC0-44B8-801E-C404970A44A9}
		{1D1B12A8-4F66-4D28-A6D0-BD94374E8419} = {F574D434-8CC0-44B8-801E-C404970A44A9}
		{3CEC019B-5714-4BB6-AC6E-9B0B7D5B6262} = {F574D434-8CC0-44B8-801E-C404970A44A9}
		{B3D605E4-20E5-4B51-92A4-DC097AAEC5F6} = {F574D434-8CC0-44B8-801E-C404970A44A9}
		{82D6DE55-BF10-4D3E-8359-6E86BD1256BF} = {F574D434-8CC0-44B8-801E-C404970A44A9}
		{FA23026F-460C-4886-A4E4-9FD65F5F9E26} = {F574D434-8CC0-44B8-801E-C404970A44A9}
		{E2A5593A-7985-41B3-B67C-08A266C231A2} = {F574D434-8CC0-44B8-801E-C404970A44A9}
	EndGlobalSection
EndGlobal
