
Microsoft Visual Studio Solution File, Format Version 12.00
# Visual Studio Version 17
VisualStudioVersion = 17.5.002.0
MinimumVisualStudioVersion = 10.0.40219.1
Project("{9A19103F-16F7-4668-BE54-9A1E7A4F7556}") = "day4", "2022\day4\day4.csproj", "{B736F741-69AE-4C60-80D6-214F1D993838}"
EndProject
Project("{9A19103F-16F7-4668-BE54-9A1E7A4F7556}") = "day3", "2022\day3\day3.csproj", "{5E3D6A52-BEBC-475F-A087-4C7C304D179D}"
EndProject
Project("{9A19103F-16F7-4668-BE54-9A1E7A4F7556}") = "day2", "2022\day2\day2.csproj", "{1A3B425A-D3CC-480A-A8B6-E1AA4CA2776E}"
EndProject
Project("{9A19103F-16F7-4668-BE54-9A1E7A4F7556}") = "day5", "2022\day5\day5.csproj", "{8E997DBD-4661-46F6-AE8B-49599BAFB5D9}"
EndProject
Project("{9A19103F-16F7-4668-BE54-9A1E7A4F7556}") = "day12", "2022\day12\day12.csproj", "{8FB2E60F-8C29-46BF-AE7C-D36F4E8A648B}"
EndProject
Project("{9A19103F-16F7-4668-BE54-9A1E7A4F7556}") = "day14", "2022\day14\day14.csproj", "{3F2D3C1D-FB1B-49AB-A47C-DB50D3DBCF52}"
EndProject
Project("{9A19103F-16F7-4668-BE54-9A1E7A4F7556}") = "day13", "2022\day13\day13.csproj", "{1B32D774-2810-4871-8DFC-CCFE49540EB6}"
EndProject
Project("{9A19103F-16F7-4668-BE54-9A1E7A4F7556}") = "day7", "2022\day7\day7.csproj", "{789A91EF-098E-48B1-BB1F-6B9329BF963C}"
EndProject
Project("{9A19103F-16F7-4668-BE54-9A1E7A4F7556}") = "day9", "2022\day9\day9.csproj", "{3E10D8F4-F83E-4538-A656-128308C22A58}"
EndProject
Project("{9A19103F-16F7-4668-BE54-9A1E7A4F7556}") = "day8", "2022\day8\day8.csproj", "{19F550FA-4885-4FBB-A7BE-CACA05F32FE1}"
EndProject
Project("{9A19103F-16F7-4668-BE54-9A1E7A4F7556}") = "day6", "2022\day6\day6.csproj", "{8DA8BEBF-3786-4A92-AEE7-C17F0D849D99}"
EndProject
Project("{9A19103F-16F7-4668-BE54-9A1E7A4F7556}") = "day1", "2022\day1\day1.csproj", "{5A57225F-B14B-4316-B620-A26EDDC827E2}"
EndProject
Project("{9A19103F-16F7-4668-BE54-9A1E7A4F7556}") = "day11", "2022\day11\day11.csproj", "{7C976633-7C28-4E11-92EE-49554C93644F}"
EndProject
Project("{9A19103F-16F7-4668-BE54-9A1E7A4F7556}") = "day10", "2022\day10\day10.csproj", "{38C6D95A-29B4-45D8-9083-0DFE11794FAF}"
EndProject
Project("{2150E333-8FDC-42A3-9474-1A3956D46DE8}") = "2023", "2023", "{41BFDFB8-78CA-40F4-8E7E-6CC21DE78D73}"
EndProject
Project("{FAE04EC0-301F-11D3-BF4B-00C04F79EFBC}") = "day1", "2023\day1\day1.csproj", "{398A9DE5-CE2A-412D-823A-B706DC518A63}"
EndProject
Project("{FAE04EC0-301F-11D3-BF4B-00C04F79EFBC}") = "day2", "2023\day2\day2.csproj", "{F1CF0674-D1D5-4364-8C9A-C6BFFF2F5A14}"
EndProject
Project("{FAE04EC0-301F-11D3-BF4B-00C04F79EFBC}") = "day3", "2023\day3\day3.csproj", "{725FBA0D-FF51-4751-B3E2-41F1BD017F6A}"
EndProject
Project("{2150E333-8FDC-42A3-9474-1A3956D46DE8}") = "2015", "2015", "{12EEAA0F-CA41-46A3-80B3-8556ECE49326}"
EndProject
Project("{FAE04EC0-301F-11D3-BF4B-00C04F79EFBC}") = "day1", "2015\day1\day1.csproj", "{835A267D-FBE2-45AF-B224-660B54B48C96}"
EndProject
Global
	GlobalSection(SolutionConfigurationPlatforms) = preSolution
		Debug|Any CPU = Debug|Any CPU
		Release|Any CPU = Release|Any CPU
	EndGlobalSection
	GlobalSection(ProjectConfigurationPlatforms) = postSolution
		{B736F741-69AE-4C60-80D6-214F1D993838}.Debug|Any CPU.ActiveCfg = Debug|Any CPU
		{B736F741-69AE-4C60-80D6-214F1D993838}.Debug|Any CPU.Build.0 = Debug|Any CPU
		{B736F741-69AE-4C60-80D6-214F1D993838}.Release|Any CPU.ActiveCfg = Release|Any CPU
		{B736F741-69AE-4C60-80D6-214F1D993838}.Release|Any CPU.Build.0 = Release|Any CPU
		{5E3D6A52-BEBC-475F-A087-4C7C304D179D}.Debug|Any CPU.ActiveCfg = Debug|Any CPU
		{5E3D6A52-BEBC-475F-A087-4C7C304D179D}.Debug|Any CPU.Build.0 = Debug|Any CPU
		{5E3D6A52-BEBC-475F-A087-4C7C304D179D}.Release|Any CPU.ActiveCfg = Release|Any CPU
		{5E3D6A52-BEBC-475F-A087-4C7C304D179D}.Release|Any CPU.Build.0 = Release|Any CPU
		{1A3B425A-D3CC-480A-A8B6-E1AA4CA2776E}.Debug|Any CPU.ActiveCfg = Debug|Any CPU
		{1A3B425A-D3CC-480A-A8B6-E1AA4CA2776E}.Debug|Any CPU.Build.0 = Debug|Any CPU
		{1A3B425A-D3CC-480A-A8B6-E1AA4CA2776E}.Release|Any CPU.ActiveCfg = Release|Any CPU
		{1A3B425A-D3CC-480A-A8B6-E1AA4CA2776E}.Release|Any CPU.Build.0 = Release|Any CPU
		{8E997DBD-4661-46F6-AE8B-49599BAFB5D9}.Debug|Any CPU.ActiveCfg = Debug|Any CPU
		{8E997DBD-4661-46F6-AE8B-49599BAFB5D9}.Debug|Any CPU.Build.0 = Debug|Any CPU
		{8E997DBD-4661-46F6-AE8B-49599BAFB5D9}.Release|Any CPU.ActiveCfg = Release|Any CPU
		{8E997DBD-4661-46F6-AE8B-49599BAFB5D9}.Release|Any CPU.Build.0 = Release|Any CPU
		{8FB2E60F-8C29-46BF-AE7C-D36F4E8A648B}.Debug|Any CPU.ActiveCfg = Debug|Any CPU
		{8FB2E60F-8C29-46BF-AE7C-D36F4E8A648B}.Debug|Any CPU.Build.0 = Debug|Any CPU
		{8FB2E60F-8C29-46BF-AE7C-D36F4E8A648B}.Release|Any CPU.ActiveCfg = Release|Any CPU
		{8FB2E60F-8C29-46BF-AE7C-D36F4E8A648B}.Release|Any CPU.Build.0 = Release|Any CPU
		{3F2D3C1D-FB1B-49AB-A47C-DB50D3DBCF52}.Debug|Any CPU.ActiveCfg = Debug|Any CPU
		{3F2D3C1D-FB1B-49AB-A47C-DB50D3DBCF52}.Debug|Any CPU.Build.0 = Debug|Any CPU
		{3F2D3C1D-FB1B-49AB-A47C-DB50D3DBCF52}.Release|Any CPU.ActiveCfg = Release|Any CPU
		{3F2D3C1D-FB1B-49AB-A47C-DB50D3DBCF52}.Release|Any CPU.Build.0 = Release|Any CPU
		{1B32D774-2810-4871-8DFC-CCFE49540EB6}.Debug|Any CPU.ActiveCfg = Debug|Any CPU
		{1B32D774-2810-4871-8DFC-CCFE49540EB6}.Debug|Any CPU.Build.0 = Debug|Any CPU
		{1B32D774-2810-4871-8DFC-CCFE49540EB6}.Release|Any CPU.ActiveCfg = Release|Any CPU
		{1B32D774-2810-4871-8DFC-CCFE49540EB6}.Release|Any CPU.Build.0 = Release|Any CPU
		{789A91EF-098E-48B1-BB1F-6B9329BF963C}.Debug|Any CPU.ActiveCfg = Debug|Any CPU
		{789A91EF-098E-48B1-BB1F-6B9329BF963C}.Debug|Any CPU.Build.0 = Debug|Any CPU
		{789A91EF-098E-48B1-BB1F-6B9329BF963C}.Release|Any CPU.ActiveCfg = Release|Any CPU
		{789A91EF-098E-48B1-BB1F-6B9329BF963C}.Release|Any CPU.Build.0 = Release|Any CPU
		{3E10D8F4-F83E-4538-A656-128308C22A58}.Debug|Any CPU.ActiveCfg = Debug|Any CPU
		{3E10D8F4-F83E-4538-A656-128308C22A58}.Debug|Any CPU.Build.0 = Debug|Any CPU
		{3E10D8F4-F83E-4538-A656-128308C22A58}.Release|Any CPU.ActiveCfg = Release|Any CPU
		{3E10D8F4-F83E-4538-A656-128308C22A58}.Release|Any CPU.Build.0 = Release|Any CPU
		{19F550FA-4885-4FBB-A7BE-CACA05F32FE1}.Debug|Any CPU.ActiveCfg = Debug|Any CPU
		{19F550FA-4885-4FBB-A7BE-CACA05F32FE1}.Debug|Any CPU.Build.0 = Debug|Any CPU
		{19F550FA-4885-4FBB-A7BE-CACA05F32FE1}.Release|Any CPU.ActiveCfg = Release|Any CPU
		{19F550FA-4885-4FBB-A7BE-CACA05F32FE1}.Release|Any CPU.Build.0 = Release|Any CPU
		{8DA8BEBF-3786-4A92-AEE7-C17F0D849D99}.Debug|Any CPU.ActiveCfg = Debug|Any CPU
		{8DA8BEBF-3786-4A92-AEE7-C17F0D849D99}.Debug|Any CPU.Build.0 = Debug|Any CPU
		{8DA8BEBF-3786-4A92-AEE7-C17F0D849D99}.Release|Any CPU.ActiveCfg = Release|Any CPU
		{8DA8BEBF-3786-4A92-AEE7-C17F0D849D99}.Release|Any CPU.Build.0 = Release|Any CPU
		{5A57225F-B14B-4316-B620-A26EDDC827E2}.Debug|Any CPU.ActiveCfg = Debug|Any CPU
		{5A57225F-B14B-4316-B620-A26EDDC827E2}.Debug|Any CPU.Build.0 = Debug|Any CPU
		{5A57225F-B14B-4316-B620-A26EDDC827E2}.Release|Any CPU.ActiveCfg = Release|Any CPU
		{5A57225F-B14B-4316-B620-A26EDDC827E2}.Release|Any CPU.Build.0 = Release|Any CPU
		{7C976633-7C28-4E11-92EE-49554C93644F}.Debug|Any CPU.ActiveCfg = Debug|Any CPU
		{7C976633-7C28-4E11-92EE-49554C93644F}.Debug|Any CPU.Build.0 = Debug|Any CPU
		{7C976633-7C28-4E11-92EE-49554C93644F}.Release|Any CPU.ActiveCfg = Release|Any CPU
		{7C976633-7C28-4E11-92EE-49554C93644F}.Release|Any CPU.Build.0 = Release|Any CPU
		{38C6D95A-29B4-45D8-9083-0DFE11794FAF}.Debug|Any CPU.ActiveCfg = Debug|Any CPU
		{38C6D95A-29B4-45D8-9083-0DFE11794FAF}.Debug|Any CPU.Build.0 = Debug|Any CPU
		{38C6D95A-29B4-45D8-9083-0DFE11794FAF}.Release|Any CPU.ActiveCfg = Release|Any CPU
		{38C6D95A-29B4-45D8-9083-0DFE11794FAF}.Release|Any CPU.Build.0 = Release|Any CPU
		{398A9DE5-CE2A-412D-823A-B706DC518A63}.Debug|Any CPU.ActiveCfg = Debug|Any CPU
		{398A9DE5-CE2A-412D-823A-B706DC518A63}.Debug|Any CPU.Build.0 = Debug|Any CPU
		{398A9DE5-CE2A-412D-823A-B706DC518A63}.Release|Any CPU.ActiveCfg = Release|Any CPU
		{398A9DE5-CE2A-412D-823A-B706DC518A63}.Release|Any CPU.Build.0 = Release|Any CPU
		{F1CF0674-D1D5-4364-8C9A-C6BFFF2F5A14}.Debug|Any CPU.ActiveCfg = Debug|Any CPU
		{F1CF0674-D1D5-4364-8C9A-C6BFFF2F5A14}.Debug|Any CPU.Build.0 = Debug|Any CPU
		{F1CF0674-D1D5-4364-8C9A-C6BFFF2F5A14}.Release|Any CPU.ActiveCfg = Release|Any CPU
		{F1CF0674-D1D5-4364-8C9A-C6BFFF2F5A14}.Release|Any CPU.Build.0 = Release|Any CPU
		{725FBA0D-FF51-4751-B3E2-41F1BD017F6A}.Debug|Any CPU.ActiveCfg = Debug|Any CPU
		{725FBA0D-FF51-4751-B3E2-41F1BD017F6A}.Debug|Any CPU.Build.0 = Debug|Any CPU
		{725FBA0D-FF51-4751-B3E2-41F1BD017F6A}.Release|Any CPU.ActiveCfg = Release|Any CPU
		{725FBA0D-FF51-4751-B3E2-41F1BD017F6A}.Release|Any CPU.Build.0 = Release|Any CPU
		{835A267D-FBE2-45AF-B224-660B54B48C96}.Debug|Any CPU.ActiveCfg = Debug|Any CPU
		{835A267D-FBE2-45AF-B224-660B54B48C96}.Debug|Any CPU.Build.0 = Debug|Any CPU
		{835A267D-FBE2-45AF-B224-660B54B48C96}.Release|Any CPU.ActiveCfg = Release|Any CPU
		{835A267D-FBE2-45AF-B224-660B54B48C96}.Release|Any CPU.Build.0 = Release|Any CPU
	EndGlobalSection
	GlobalSection(SolutionProperties) = preSolution
		HideSolutionNode = FALSE
	EndGlobalSection
	GlobalSection(ExtensibilityGlobals) = postSolution
		SolutionGuid = {7A80039E-0587-49DE-AFE2-56EC4D423AED}
	EndGlobalSection
	GlobalSection(NestedProjects) = preSolution
		{398A9DE5-CE2A-412D-823A-B706DC518A63} = {41BFDFB8-78CA-40F4-8E7E-6CC21DE78D73}
		{F1CF0674-D1D5-4364-8C9A-C6BFFF2F5A14} = {41BFDFB8-78CA-40F4-8E7E-6CC21DE78D73}
		{725FBA0D-FF51-4751-B3E2-41F1BD017F6A} = {41BFDFB8-78CA-40F4-8E7E-6CC21DE78D73}
		{835A267D-FBE2-45AF-B224-660B54B48C96} = {12EEAA0F-CA41-46A3-80B3-8556ECE49326}
	EndGlobalSection
EndGlobal
